// !$*UTF8*$!
{
	archiveVersion = 1;
	classes = {
	};
	objectVersion = 46;
	objects = {

/* Begin PBXBuildFile section */
		89C199311C3D52F8000978BB /* main.m in Sources */ = {isa = PBXBuildFile; fileRef = 89C199301C3D52F8000978BB /* main.m */; };
		89C199341C3D52F8000978BB /* AppDelegate.m in Sources */ = {isa = PBXBuildFile; fileRef = 89C199331C3D52F8000978BB /* AppDelegate.m */; };
		89C199371C3D52F8000978BB /* ViewController.m in Sources */ = {isa = PBXBuildFile; fileRef = 89C199361C3D52F8000978BB /* ViewController.m */; };
		89C1993A1C3D52F8000978BB /* Main.storyboard in Resources */ = {isa = PBXBuildFile; fileRef = 89C199381C3D52F8000978BB /* Main.storyboard */; };
		89C1993C1C3D52F8000978BB /* Assets.xcassets in Resources */ = {isa = PBXBuildFile; fileRef = 89C1993B1C3D52F8000978BB /* Assets.xcassets */; };
		89C1993F1C3D52F8000978BB /* LaunchScreen.storyboard in Resources */ = {isa = PBXBuildFile; fileRef = 89C1993D1C3D52F8000978BB /* LaunchScreen.storyboard */; };
		89C1994A1C3D52F8000978BB /* ChecklistsTests.m in Sources */ = {isa = PBXBuildFile; fileRef = 89C199491C3D52F8000978BB /* ChecklistsTests.m */; };
		89C199551C3D52F8000978BB /* ChecklistsUITests.m in Sources */ = {isa = PBXBuildFile; fileRef = 89C199541C3D52F8000978BB /* ChecklistsUITests.m */; };
/* End PBXBuildFile section */

/* Begin PBXContainerItemProxy section */
		89C199461C3D52F8000978BB /* PBXContainerItemProxy */ = {
			isa = PBXContainerItemProxy;
			containerPortal = 89C199241C3D52F7000978BB /* Project object */;
			proxyType = 1;
			remoteGlobalIDString = 89C1992B1C3D52F7000978BB;
			remoteInfo = Checklists;
		};
		89C199511C3D52F8000978BB /* PBXContainerItemProxy */ = {
			isa = PBXContainerItemProxy;
			containerPortal = 89C199241C3D52F7000978BB /* Project object */;
			proxyType = 1;
			remoteGlobalIDString = 89C1992B1C3D52F7000978BB;
			remoteInfo = Checklists;
		};
/* End PBXContainerItemProxy section */

/* Begin PBXFileReference section */
		89C1992C1C3D52F7000978BB /* Checklists.app */ = {isa = PBXFileReference; explicitFileType = wrapper.application; includeInIndex = 0; path = Checklists.app; sourceTree = BUILT_PRODUCTS_DIR; };
		89C199301C3D52F8000978BB /* main.m */ = {isa = PBXFileReference; lastKnownFileType = sourcecode.c.objc; path = main.m; sourceTree = "<group>"; };
		89C199321C3D52F8000978BB /* AppDelegate.h */ = {isa = PBXFileReference; lastKnownFileType = sourcecode.c.h; path = AppDelegate.h; sourceTree = "<group>"; };
		89C199331C3D52F8000978BB /* AppDelegate.m */ = {isa = PBXFileReference; lastKnownFileType = sourcecode.c.objc; path = AppDelegate.m; sourceTree = "<group>"; };
		89C199351C3D52F8000978BB /* ViewController.h */ = {isa = PBXFileReference; lastKnownFileType = sourcecode.c.h; path = ViewController.h; sourceTree = "<group>"; };
		89C199361C3D52F8000978BB /* ViewController.m */ = {isa = PBXFileReference; lastKnownFileType = sourcecode.c.objc; path = ViewController.m; sourceTree = "<group>"; };
		89C199391C3D52F8000978BB /* Base */ = {isa = PBXFileReference; lastKnownFileType = file.storyboard; name = Base; path = Base.lproj/Main.storyboard; sourceTree = "<group>"; };
		89C1993B1C3D52F8000978BB /* Assets.xcassets */ = {isa = PBXFileReference; lastKnownFileType = folder.assetcatalog; path = Assets.xcassets; sourceTree = "<group>"; };
		89C1993E1C3D52F8000978BB /* Base */ = {isa = PBXFileReference; lastKnownFileType = file.storyboard; name = Base; path = Base.lproj/LaunchScreen.storyboard; sourceTree = "<group>"; };
		89C199401C3D52F8000978BB /* Info.plist */ = {isa = PBXFileReference; lastKnownFileType = text.plist.xml; path = Info.plist; sourceTree = "<group>"; };
		89C199451C3D52F8000978BB /* ChecklistsTests.xctest */ = {isa = PBXFileReference; explicitFileType = wrapper.cfbundle; includeInIndex = 0; path = ChecklistsTests.xctest; sourceTree = BUILT_PRODUCTS_DIR; };
		89C199491C3D52F8000978BB /* ChecklistsTests.m */ = {isa = PBXFileReference; lastKnownFileType = sourcecode.c.objc; path = ChecklistsTests.m; sourceTree = "<group>"; };
		89C1994B1C3D52F8000978BB /* Info.plist */ = {isa = PBXFileReference; lastKnownFileType = text.plist.xml; path = Info.plist; sourceTree = "<group>"; };
		89C199501C3D52F8000978BB /* ChecklistsUITests.xctest */ = {isa = PBXFileReference; explicitFileType = wrapper.cfbundle; includeInIndex = 0; path = ChecklistsUITests.xctest; sourceTree = BUILT_PRODUCTS_DIR; };
		89C199541C3D52F8000978BB /* ChecklistsUITests.m */ = {isa = PBXFileReference; lastKnownFileType = sourcecode.c.objc; path = ChecklistsUITests.m; sourceTree = "<group>"; };
		89C199561C3D52F8000978BB /* Info.plist */ = {isa = PBXFileReference; lastKnownFileType = text.plist.xml; path = Info.plist; sourceTree = "<group>"; };
/* End PBXFileReference section */

/* Begin PBXFrameworksBuildPhase section */
		89C199291C3D52F7000978BB /* Frameworks */ = {
			isa = PBXFrameworksBuildPhase;
			buildActionMask = 2147483647;
			files = (
			);
			runOnlyForDeploymentPostprocessing = 0;
		};
		89C199421C3D52F8000978BB /* Frameworks */ = {
			isa = PBXFrameworksBuildPhase;
			buildActionMask = 2147483647;
			files = (
			);
			runOnlyForDeploymentPostprocessing = 0;
		};
		89C1994D1C3D52F8000978BB /* Frameworks */ = {
			isa = PBXFrameworksBuildPhase;
			buildActionMask = 2147483647;
			files = (
			);
			runOnlyForDeploymentPostprocessing = 0;
		};
/* End PBXFrameworksBuildPhase section */

/* Begin PBXGroup section */
		89C199231C3D52F7000978BB = {
			isa = PBXGroup;
			children = (
				89C1992E1C3D52F7000978BB /* Checklists */,
				89C199481C3D52F8000978BB /* ChecklistsTests */,
				89C199531C3D52F8000978BB /* ChecklistsUITests */,
				89C1992D1C3D52F7000978BB /* Products */,
			);
			sourceTree = "<group>";
		};
		89C1992D1C3D52F7000978BB /* Products */ = {
			isa = PBXGroup;
			children = (
				89C1992C1C3D52F7000978BB /* Checklists.app */,
				89C199451C3D52F8000978BB /* ChecklistsTests.xctest */,
				89C199501C3D52F8000978BB /* ChecklistsUITests.xctest */,
			);
			name = Products;
			sourceTree = "<group>";
		};
		89C1992E1C3D52F7000978BB /* Checklists */ = {
			isa = PBXGroup;
			children = (
				89C199321C3D52F8000978BB /* AppDelegate.h */,
				89C199331C3D52F8000978BB /* AppDelegate.m */,
				89C199351C3D52F8000978BB /* ViewController.h */,
				89C199361C3D52F8000978BB /* ViewController.m */,
				89C199381C3D52F8000978BB /* Main.storyboard */,
				89C1993B1C3D52F8000978BB /* Assets.xcassets */,
				89C1993D1C3D52F8000978BB /* LaunchScreen.storyboard */,
				89C199401C3D52F8000978BB /* Info.plist */,
				89C1992F1C3D52F8000978BB /* Supporting Files */,
			);
			path = Checklists;
			sourceTree = "<group>";
		};
		89C1992F1C3D52F8000978BB /* Supporting Files */ = {
			isa = PBXGroup;
			children = (
				89C199301C3D52F8000978BB /* main.m */,
			);
			name = "Supporting Files";
			sourceTree = "<group>";
		};
		89C199481C3D52F8000978BB /* ChecklistsTests */ = {
			isa = PBXGroup;
			children = (
				89C199491C3D52F8000978BB /* ChecklistsTests.m */,
				89C1994B1C3D52F8000978BB /* Info.plist */,
			);
			path = ChecklistsTests;
			sourceTree = "<group>";
		};
		89C199531C3D52F8000978BB /* ChecklistsUITests */ = {
			isa = PBXGroup;
			children = (
				89C199541C3D52F8000978BB /* ChecklistsUITests.m */,
				89C199561C3D52F8000978BB /* Info.plist */,
			);
			path = ChecklistsUITests;
			sourceTree = "<group>";
		};
/* End PBXGroup section */

/* Begin PBXNativeTarget section */
		89C1992B1C3D52F7000978BB /* Checklists */ = {
			isa = PBXNativeTarget;
			buildConfigurationList = 89C199591C3D52F8000978BB /* Build configuration list for PBXNativeTarget "Checklists" */;
			buildPhases = (
				89C199281C3D52F7000978BB /* Sources */,
				89C199291C3D52F7000978BB /* Frameworks */,
				89C1992A1C3D52F7000978BB /* Resources */,
			);
			buildRules = (
			);
			dependencies = (
			);
			name = Checklists;
			productName = Checklists;
			productReference = 89C1992C1C3D52F7000978BB /* Checklists.app */;
			productType = "com.apple.product-type.application";
		};
		89C199441C3D52F8000978BB /* ChecklistsTests */ = {
			isa = PBXNativeTarget;
			buildConfigurationList = 89C1995C1C3D52F8000978BB /* Build configuration list for PBXNativeTarget "ChecklistsTests" */;
			buildPhases = (
				89C199411C3D52F8000978BB /* Sources */,
				89C199421C3D52F8000978BB /* Frameworks */,
				89C199431C3D52F8000978BB /* Resources */,
			);
			buildRules = (
			);
			dependencies = (
				89C199471C3D52F8000978BB /* PBXTargetDependency */,
			);
			name = ChecklistsTests;
			productName = ChecklistsTests;
			productReference = 89C199451C3D52F8000978BB /* ChecklistsTests.xctest */;
			productType = "com.apple.product-type.bundle.unit-test";
		};
		89C1994F1C3D52F8000978BB /* ChecklistsUITests */ = {
			isa = PBXNativeTarget;
			buildConfigurationList = 89C1995F1C3D52F8000978BB /* Build configuration list for PBXNativeTarget "ChecklistsUITests" */;
			buildPhases = (
				89C1994C1C3D52F8000978BB /* Sources */,
				89C1994D1C3D52F8000978BB /* Frameworks */,
				89C1994E1C3D52F8000978BB /* Resources */,
			);
			buildRules = (
			);
			dependencies = (
				89C199521C3D52F8000978BB /* PBXTargetDependency */,
			);
			name = ChecklistsUITests;
			productName = ChecklistsUITests;
			productReference = 89C199501C3D52F8000978BB /* ChecklistsUITests.xctest */;
			productType = "com.apple.product-type.bundle.ui-testing";
		};
/* End PBXNativeTarget section */

/* Begin PBXProject section */
		89C199241C3D52F7000978BB /* Project object */ = {
			isa = PBXProject;
			attributes = {
				LastUpgradeCheck = 0720;
				ORGANIZATIONNAME = "Zhang Xiangyu";
				TargetAttributes = {
					89C1992B1C3D52F7000978BB = {
						CreatedOnToolsVersion = 7.2;
					};
					89C199441C3D52F8000978BB = {
						CreatedOnToolsVersion = 7.2;
						TestTargetID = 89C1992B1C3D52F7000978BB;
					};
					89C1994F1C3D52F8000978BB = {
						CreatedOnToolsVersion = 7.2;
						TestTargetID = 89C1992B1C3D52F7000978BB;
					};
				};
			};
			buildConfigurationList = 89C199271C3D52F7000978BB /* Build configuration list for PBXProject "Checklists" */;
			compatibilityVersion = "Xcode 3.2";
			developmentRegion = English;
			hasScannedForEncodings = 0;
			knownRegions = (
				en,
				Base,
			);
			mainGroup = 89C199231C3D52F7000978BB;
			productRefGroup = 89C1992D1C3D52F7000978BB /* Products */;
			projectDirPath = "";
			projectRoot = "";
			targets = (
				89C1992B1C3D52F7000978BB /* Checklists */,
				89C199441C3D52F8000978BB /* ChecklistsTests */,
				89C1994F1C3D52F8000978BB /* ChecklistsUITests */,
			);
		};
/* End PBXProject section */

/* Begin PBXResourcesBuildPhase section */
		89C1992A1C3D52F7000978BB /* Resources */ = {
			isa = PBXResourcesBuildPhase;
			buildActionMask = 2147483647;
			files = (
				89C1993F1C3D52F8000978BB /* LaunchScreen.storyboard in Resources */,
				89C1993C1C3D52F8000978BB /* Assets.xcassets in Resources */,
				89C1993A1C3D52F8000978BB /* Main.storyboard in Resources */,
			);
			runOnlyForDeploymentPostprocessing = 0;
		};
		89C199431C3D52F8000978BB /* Resources */ = {
			isa = PBXResourcesBuildPhase;
			buildActionMask = 2147483647;
			files = (
			);
			runOnlyForDeploymentPostprocessing = 0;
		};
		89C1994E1C3D52F8000978BB /* Resources */ = {
			isa = PBXResourcesBuildPhase;
			buildActionMask = 2147483647;
			files = (
			);
			runOnlyForDeploymentPostprocessing = 0;
		};
/* End PBXResourcesBuildPhase section */

/* Begin PBXSourcesBuildPhase section */
		89C199281C3D52F7000978BB /* Sources */ = {
			isa = PBXSourcesBuildPhase;
			buildActionMask = 2147483647;
			files = (
				89C199371C3D52F8000978BB /* ViewController.m in Sources */,
				89C199341C3D52F8000978BB /* AppDelegate.m in Sources */,
				89C199311C3D52F8000978BB /* main.m in Sources */,
			);
			runOnlyForDeploymentPostprocessing = 0;
		};
		89C199411C3D52F8000978BB /* Sources */ = {
			isa = PBXSourcesBuildPhase;
			buildActionMask = 2147483647;
			files = (
				89C1994A1C3D52F8000978BB /* ChecklistsTests.m in Sources */,
			);
			runOnlyForDeploymentPostprocessing = 0;
		};
		89C1994C1C3D52F8000978BB /* Sources */ = {
			isa = PBXSourcesBuildPhase;
			buildActionMask = 2147483647;
			files = (
				89C199551C3D52F8000978BB /* ChecklistsUITests.m in Sources */,
			);
			runOnlyForDeploymentPostprocessing = 0;
		};
/* End PBXSourcesBuildPhase section */

/* Begin PBXTargetDependency section */
		89C199471C3D52F8000978BB /* PBXTargetDependency */ = {
			isa = PBXTargetDependency;
			target = 89C1992B1C3D52F7000978BB /* Checklists */;
			targetProxy = 89C199461C3D52F8000978BB /* PBXContainerItemProxy */;
		};
		89C199521C3D52F8000978BB /* PBXTargetDependency */ = {
			isa = PBXTargetDependency;
			target = 89C1992B1C3D52F7000978BB /* Checklists */;
			targetProxy = 89C199511C3D52F8000978BB /* PBXContainerItemProxy */;
		};
/* End PBXTargetDependency section */

/* Begin PBXVariantGroup section */
		89C199381C3D52F8000978BB /* Main.storyboard */ = {
			isa = PBXVariantGroup;
			children = (
				89C199391C3D52F8000978BB /* Base */,
			);
			name = Main.storyboard;
			sourceTree = "<group>";
		};
		89C1993D1C3D52F8000978BB /* LaunchScreen.storyboard */ = {
			isa = PBXVariantGroup;
			children = (
				89C1993E1C3D52F8000978BB /* Base */,
			);
			name = LaunchScreen.storyboard;
			sourceTree = "<group>";
		};
/* End PBXVariantGroup section */

/* Begin XCBuildConfiguration section */
		89C199571C3D52F8000978BB /* Debug */ = {
			isa = XCBuildConfiguration;
			buildSettings = {
				ALWAYS_SEARCH_USER_PATHS = NO;
				CLANG_CXX_LANGUAGE_STANDARD = "gnu++0x";
				CLANG_CXX_LIBRARY = "libc++";
				CLANG_ENABLE_MODULES = YES;
				CLANG_ENABLE_OBJC_ARC = YES;
				CLANG_WARN_BOOL_CONVERSION = YES;
				CLANG_WARN_CONSTANT_CONVERSION = YES;
				CLANG_WARN_DIRECT_OBJC_ISA_USAGE = YES_ERROR;
				CLANG_WARN_EMPTY_BODY = YES;
				CLANG_WARN_ENUM_CONVERSION = YES;
				CLANG_WARN_INT_CONVERSION = YES;
				CLANG_WARN_OBJC_ROOT_CLASS = YES_ERROR;
				CLANG_WARN_UNREACHABLE_CODE = YES;
				CLANG_WARN__DUPLICATE_METHOD_MATCH = YES;
				"CODE_SIGN_IDENTITY[sdk=iphoneos*]" = "iPhone Developer";
				COPY_PHASE_STRIP = NO;
				DEBUG_INFORMATION_FORMAT = dwarf;
				ENABLE_STRICT_OBJC_MSGSEND = YES;
				ENABLE_TESTABILITY = YES;
				GCC_C_LANGUAGE_STANDARD = gnu99;
				GCC_DYNAMIC_NO_PIC = NO;
				GCC_NO_COMMON_BLOCKS = YES;
				GCC_OPTIMIZATION_LEVEL = 0;
				GCC_PREPROCESSOR_DEFINITIONS = (
					"DEBUG=1",
					"$(inherited)",
				);
				GCC_WARN_64_TO_32_BIT_CONVERSION = YES;
				GCC_WARN_ABOUT_RETURN_TYPE = YES_ERROR;
				GCC_WARN_UNDECLARED_SELECTOR = YES;
				GCC_WARN_UNINITIALIZED_AUTOS = YES_AGGRESSIVE;
				GCC_WARN_UNUSED_FUNCTION = YES;
				GCC_WARN_UNUSED_VARIABLE = YES;
				IPHONEOS_DEPLOYMENT_TARGET = 9.2;
				MTL_ENABLE_DEBUG_INFO = YES;
				ONLY_ACTIVE_ARCH = YES;
				SDKROOT = iphoneos;
				TARGETED_DEVICE_FAMILY = "1,2";
			};
			name = Debug;
		};
		89C199581C3D52F8000978BB /* Release */ = {
			isa = XCBuildConfiguration;
			buildSettings = {
				ALWAYS_SEARCH_USER_PATHS = NO;
				CLANG_CXX_LANGUAGE_STANDARD = "gnu++0x";
				CLANG_CXX_LIBRARY = "libc++";
				CLANG_ENABLE_MODULES = YES;
				CLANG_ENABLE_OBJC_ARC = YES;
				CLANG_WARN_BOOL_CONVERSION = YES;
				CLANG_WARN_CONSTANT_CONVERSION = YES;
				CLANG_WARN_DIRECT_OBJC_ISA_USAGE = YES_ERROR;
				CLANG_WARN_EMPTY_BODY = YES;
				CLANG_WARN_ENUM_CONVERSION = YES;
				CLANG_WARN_INT_CONVERSION = YES;
				CLANG_WARN_OBJC_ROOT_CLASS = YES_ERROR;
				CLANG_WARN_UNREACHABLE_CODE = YES;
				CLANG_WARN__DUPLICATE_METHOD_MATCH = YES;
				"CODE_SIGN_IDENTITY[sdk=iphoneos*]" = "iPhone Developer";
				COPY_PHASE_STRIP = NO;
				DEBUG_INFORMATION_FORMAT = "dwarf-with-dsym";
				ENABLE_NS_ASSERTIONS = NO;
				ENABLE_STRICT_OBJC_MSGSEND = YES;
				GCC_C_LANGUAGE_STANDARD = gnu99;
				GCC_NO_COMMON_BLOCKS = YES;
				GCC_WARN_64_TO_32_BIT_CONVERSION = YES;
				GCC_WARN_ABOUT_RETURN_TYPE = YES_ERROR;
				GCC_WARN_UNDECLARED_SELECTOR = YES;
				GCC_WARN_UNINITIALIZED_AUTOS = YES_AGGRESSIVE;
				GCC_WARN_UNUSED_FUNCTION = YES;
				GCC_WARN_UNUSED_VARIABLE = YES;
				IPHONEOS_DEPLOYMENT_TARGET = 9.2;
				MTL_ENABLE_DEBUG_INFO = NO;
				SDKROOT = iphoneos;
				TARGETED_DEVICE_FAMILY = "1,2";
				VALIDATE_PRODUCT = YES;
			};
			name = Release;
		};
		89C1995A1C3D52F8000978BB /* Debug */ = {
			isa = XCBuildConfiguration;
			buildSettings = {
				ASSETCATALOG_COMPILER_APPICON_NAME = AppIcon;
				INFOPLIST_FILE = Checklists/Info.plist;
				LD_RUNPATH_SEARCH_PATHS = "$(inherited) @executable_path/Frameworks";
				PRODUCT_BUNDLE_IDENTIFIER = lalala.Checklists;
				PRODUCT_NAME = "$(TARGET_NAME)";
			};
			name = Debug;
		};
		89C1995B1C3D52F8000978BB /* Release */ = {
			isa = XCBuildConfiguration;
			buildSettings = {
				ASSETCATALOG_COMPILER_APPICON_NAME = AppIcon;
				INFOPLIST_FILE = Checklists/Info.plist;
				LD_RUNPATH_SEARCH_PATHS = "$(inherited) @executable_path/Frameworks";
				PRODUCT_BUNDLE_IDENTIFIER = lalala.Checklists;
				PRODUCT_NAME = "$(TARGET_NAME)";
			};
			name = Release;
		};
		89C1995D1C3D52F8000978BB /* Debug */ = {
			isa = XCBuildConfiguration;
			buildSettings = {
				BUNDLE_LOADER = "$(TEST_HOST)";
				INFOPLIST_FILE = ChecklistsTests/Info.plist;
				LD_RUNPATH_SEARCH_PATHS = "$(inherited) @executable_path/Frameworks @loader_path/Frameworks";
				PRODUCT_BUNDLE_IDENTIFIER = lalala.ChecklistsTests;
				PRODUCT_NAME = "$(TARGET_NAME)";
				TEST_HOST = "$(BUILT_PRODUCTS_DIR)/Checklists.app/Checklists";
			};
			name = Debug;
		};
		89C1995E1C3D52F8000978BB /* Release */ = {
			isa = XCBuildConfiguration;
			buildSettings = {
				BUNDLE_LOADER = "$(TEST_HOST)";
				INFOPLIST_FILE = ChecklistsTests/Info.plist;
				LD_RUNPATH_SEARCH_PATHS = "$(inherited) @executable_path/Frameworks @loader_path/Frameworks";
				PRODUCT_BUNDLE_IDENTIFIER = lalala.ChecklistsTests;
				PRODUCT_NAME = "$(TARGET_NAME)";
				TEST_HOST = "$(BUILT_PRODUCTS_DIR)/Checklists.app/Checklists";
			};
			name = Release;
		};
		89C199601C3D52F8000978BB /* Debug */ = {
			isa = XCBuildConfiguration;
			buildSettings = {
				INFOPLIST_FILE = ChecklistsUITests/Info.plist;
				LD_RUNPATH_SEARCH_PATHS = "$(inherited) @executable_path/Frameworks @loader_path/Frameworks";
				PRODUCT_BUNDLE_IDENTIFIER = lalala.ChecklistsUITests;
				PRODUCT_NAME = "$(TARGET_NAME)";
				TEST_TARGET_NAME = Checklists;
				USES_XCTRUNNER = YES;
			};
			name = Debug;
		};
		89C199611C3D52F8000978BB /* Release */ = {
			isa = XCBuildConfiguration;
			buildSettings = {
				INFOPLIST_FILE = ChecklistsUITests/Info.plist;
				LD_RUNPATH_SEARCH_PATHS = "$(inherited) @executable_path/Frameworks @loader_path/Frameworks";
				PRODUCT_BUNDLE_IDENTIFIER = lalala.ChecklistsUITests;
				PRODUCT_NAME = "$(TARGET_NAME)";
				TEST_TARGET_NAME = Checklists;
				USES_XCTRUNNER = YES;
			};
			name = Release;
		};
/* End XCBuildConfiguration section */

/* Begin XCConfigurationList section */
		89C199271C3D52F7000978BB /* Build configuration list for PBXProject "Checklists" */ = {
			isa = XCConfigurationList;
			buildConfigurations = (
				89C199571C3D52F8000978BB /* Debug */,
				89C199581C3D52F8000978BB /* Release */,
			);
			defaultConfigurationIsVisible = 0;
			defaultConfigurationName = Release;
		};
		89C199591C3D52F8000978BB /* Build configuration list for PBXNativeTarget "Checklists" */ = {
			isa = XCConfigurationList;
			buildConfigurations = (
				89C1995A1C3D52F8000978BB /* Debug */,
				89C1995B1C3D52F8000978BB /* Release */,
			);
			defaultConfigurationIsVisible = 0;
		};
		89C1995C1C3D52F8000978BB /* Build configuration list for PBXNativeTarget "ChecklistsTests" */ = {
			isa = XCConfigurationList;
			buildConfigurations = (
				89C1995D1C3D52F8000978BB /* Debug */,
				89C1995E1C3D52F8000978BB /* Release */,
			);
			defaultConfigurationIsVisible = 0;
		};
		89C1995F1C3D52F8000978BB /* Build configuration list for PBXNativeTarget "ChecklistsUITests" */ = {
			isa = XCConfigurationList;
			buildConfigurations = (
				89C199601C3D52F8000978BB /* Debug */,
				89C199611C3D52F8000978BB /* Release */,
			);
			defaultConfigurationIsVisible = 0;
		};
/* End XCConfigurationList section */
	};
	rootObject = 89C199241C3D52F7000978BB /* Project object */;
}
